
Microsoft Visual Studio Solution File, Format Version 12.00
Project("{FAE04EC0-301F-11D3-BF4B-00C04F79EFBC}") = "IntelligentRestaraunt", "IntelligentRestaraunt\IntelligentRestaraunt.csproj", "{CCDFB295-FC75-478A-BD40-44C31DF19D76}"
EndProject
Global
	GlobalSection(SolutionConfigurationPlatforms) = preSolution
		Debug|Any CPU = Debug|Any CPU
		Release|Any CPU = Release|Any CPU
	EndGlobalSection
	GlobalSection(ProjectConfigurationPlatforms) = postSolution
		{CCDFB295-FC75-478A-BD40-44C31DF19D76}.Debug|Any CPU.ActiveCfg = Debug|Any CPU
		{CCDFB295-FC75-478A-BD40-44C31DF19D76}.Debug|Any CPU.Build.0 = Debug|Any CPU
		{CCDFB295-FC75-478A-BD40-44C31DF19D76}.Release|Any CPU.ActiveCfg = Release|Any CPU
		{CCDFB295-FC75-478A-BD40-44C31DF19D76}.Release|Any CPU.Build.0 = Release|Any CPU
	EndGlobalSection
EndGlobal
